// !$*UTF8*$!
{
	archiveVersion = 1;
	classes = {
	};
	objectVersion = 46;
	objects = {

/* Begin PBXFileReference section */
		3A6FCD231DAF4F0B0055B8B9 /* Part1CUDA.py */ = {isa = PBXFileReference; lastKnownFileType = text.script.python; path = Part1CUDA.py; sourceTree = "<group>"; };
		3A6FCD241DAFDEBF0055B8B9 /* part1PyOpenCL.py */ = {isa = PBXFileReference; lastKnownFileType = text.script.python; path = part1PyOpenCL.py; sourceTree = "<group>"; };
		3A6FCD251DB3D33C0055B8B9 /* part2PyOpenCL.py */ = {isa = PBXFileReference; lastKnownFileType = text.script.python; path = part2PyOpenCL.py; sourceTree = "<group>"; };
		3A6FCD261DB3D34A0055B8B9 /* part2CUDA.py */ = {isa = PBXFileReference; lastKnownFileType = text.script.python; path = part2CUDA.py; sourceTree = "<group>"; };
/* End PBXFileReference section */

/* Begin PBXGroup section */
		3A6FCD1C1DAF4DF80055B8B9 = {
			isa = PBXGroup;
			children = (
				3A6FCD261DB3D34A0055B8B9 /* part2CUDA.py */,
				3A6FCD251DB3D33C0055B8B9 /* part2PyOpenCL.py */,
				3A6FCD241DAFDEBF0055B8B9 /* part1PyOpenCL.py */,
				3A6FCD231DAF4F0B0055B8B9 /* Part1CUDA.py */,
			);
			sourceTree = "<group>";
		};
/* End PBXGroup section */

/* Begin PBXProject section */
		3A6FCD1D1DAF4DF80055B8B9 /* Project object */ = {
			isa = PBXProject;
			attributes = {
				LastUpgradeCheck = 0730;
			};
			buildConfigurationList = 3A6FCD201DAF4DF80055B8B9 /* Build configuration list for PBXProject "ELEN4750HW2" */;
			compatibilityVersion = "Xcode 3.2";
			developmentRegion = English;
			hasScannedForEncodings = 0;
			knownRegions = (
				en,
			);
			mainGroup = 3A6FCD1C1DAF4DF80055B8B9;
			projectDirPath = "";
			projectRoot = "";
			targets = (
			);
		};
/* End PBXProject section */

/* Begin XCBuildConfiguration section */
		3A6FCD211DAF4DF80055B8B9 /* Debug */ = {
			isa = XCBuildConfiguration;
			buildSettings = {
			};
			name = Debug;
		};
		3A6FCD221DAF4DF80055B8B9 /* Release */ = {
			isa = XCBuildConfiguration;
			buildSettings = {
			};
			name = Release;
		};
/* End XCBuildConfiguration section */

/* Begin XCConfigurationList section */
		3A6FCD201DAF4DF80055B8B9 /* Build configuration list for PBXProject "ELEN4750HW2" */ = {
			isa = XCConfigurationList;
			buildConfigurations = (
				3A6FCD211DAF4DF80055B8B9 /* Debug */,
				3A6FCD221DAF4DF80055B8B9 /* Release */,
			);
			defaultConfigurationIsVisible = 0;
			defaultConfigurationName = Release;
		};
/* End XCConfigurationList section */
	};
	rootObject = 3A6FCD1D1DAF4DF80055B8B9 /* Project object */;
}
